
Microsoft Visual Studio Solution File, Format Version 11.00
# Visual Studio 2010
Project("{FAE04EC0-301F-11D3-BF4B-00C04F79EFBC}") = "NinjaCMS", "NinjaCMS\NinjaCMS.csproj", "{F5090131-800D-40E1-B70A-E66BC0AF6523}"
EndProject
Global
	GlobalSection(SolutionConfigurationPlatforms) = preSolution
		Debug|Any CPU = Debug|Any CPU
		Release|Any CPU = Release|Any CPU
	EndGlobalSection
	GlobalSection(ProjectConfigurationPlatforms) = postSolution
		{F5090131-800D-40E1-B70A-E66BC0AF6523}.Debug|Any CPU.ActiveCfg = Debug|Any CPU
		{F5090131-800D-40E1-B70A-E66BC0AF6523}.Debug|Any CPU.Build.0 = Debug|Any CPU
		{F5090131-800D-40E1-B70A-E66BC0AF6523}.Release|Any CPU.ActiveCfg = Release|Any CPU
		{F5090131-800D-40E1-B70A-E66BC0AF6523}.Release|Any CPU.Build.0 = Release|Any CPU
	EndGlobalSection
	GlobalSection(SolutionProperties) = preSolution
		HideSolutionNode = FALSE
	EndGlobalSection
EndGlobal
